github.com/fatih/astrewrite v0.0.0-20191207154002-9094e544fcef h1:NQhozma2hi4BWW5q0qxka4G3bRNf+P/UgdmAVahUabM=
github.com/fatih/astrewrite v0.0.0-20191207154002-9094e544fcef/go.mod h1:Q9oPjZxY7Z0tvrD5KtBTVLiSwATtmhafFD/Lb0fyzOk=
gopkg.in/check.v1 v0.0.0-20161208181325-20d25e280405 h1:yhCVgyC4o1eVCa2tZl7eS0r+SDo693bJlVdllGtEeKM=
gopkg.in/check.v1 v0.0.0-20161208181325-20d25e280405/go.mod h1:Co6ibVJAznAaIkqp8huTwlJQCZ016jof/cbN4VW5Yz0=
gopkg.in/yaml.v3 v3.0.1 h1:fxVm/GzAzEWqLHuvctI91KS9hhNmmWOoWu0XTYJS7CA=
gopkg.in/yaml.v3 v3.0.1/go.mod h1:K4uyk7z7BCEPqu6E+C64Yfv1cQ7kz7rIZviUmN+EgEM=
